
Microsoft Visual Studio Solution File, Format Version 12.00
# Visual Studio Version 17
VisualStudioVersion = 17.11.35312.102
MinimumVisualStudioVersion = 10.0.40219.1
Project("{FAE04EC0-301F-11D3-BF4B-00C04F79EFBC}") = "Laboratorium1", "Laboratorium1\Laboratorium1.csproj", "{B3CEB40C-4459-46E8-85EE-0304666D7633}"
EndProject
Global
	GlobalSection(SolutionConfigurationPlatforms) = preSolution
		Debug|Any CPU = Debug|Any CPU
		Release|Any CPU = Release|Any CPU
	EndGlobalSection
	GlobalSection(ProjectConfigurationPlatforms) = postSolution
		{B3CEB40C-4459-46E8-85EE-0304666D7633}.Debug|Any CPU.ActiveCfg = Debug|Any CPU
		{B3CEB40C-4459-46E8-85EE-0304666D7633}.Debug|Any CPU.Build.0 = Debug|Any CPU
		{B3CEB40C-4459-46E8-85EE-0304666D7633}.Release|Any CPU.ActiveCfg = Release|Any CPU
		{B3CEB40C-4459-46E8-85EE-0304666D7633}.Release|Any CPU.Build.0 = Release|Any CPU
	EndGlobalSection
	GlobalSection(SolutionProperties) = preSolution
		HideSolutionNode = FALSE
	EndGlobalSection
	GlobalSection(ExtensibilityGlobals) = postSolution
		SolutionGuid = {3E57C59D-4F39-4A88-92F7-420E1B671D0E}
	EndGlobalSection
EndGlobal
