
Microsoft Visual Studio Solution File, Format Version 12.00
# Visual Studio Version 17
VisualStudioVersion = 17.11.35312.102
MinimumVisualStudioVersion = 10.0.40219.1
Project("{9A19103F-16F7-4668-BE54-9A1E7A4F7556}") = "Laboratorium1", "Laboratorium1\Laboratorium1.csproj", "{B3CEB40C-4459-46E8-85EE-0304666D7633}"
EndProject
Project("{9A19103F-16F7-4668-BE54-9A1E7A4F7556}") = "Laboratorium 2", "Laboratorium 2\Laboratorium 2.csproj", "{EE73AC3E-DC4D-459E-BD35-3864591A7188}"
EndProject
Project("{9A19103F-16F7-4668-BE54-9A1E7A4F7556}") = "Laboratorium5", "Laboratorium5\Laboratorium5.csproj", "{3DE2ADE6-3340-412A-BDF7-6E75F9AF918E}"
EndProject
Project("{9A19103F-16F7-4668-BE54-9A1E7A4F7556}") = "Laboratorium6", "Laboratorium6\Laboratorium6.csproj", "{35DC38D9-4F5A-44DD-B302-561452F34731}"
EndProject
Project("{2150E333-8FDC-42A3-9474-1A3956D46DE8}") = "interfaces", "interfaces", "{16419416-C4FE-4B44-A9CB-24B387384863}"
	ProjectSection(SolutionItems) = preProject
		IBaseRepository.cs = IBaseRepository.cs
		IBookRepository.cs = IBookRepository.cs
		ICreationTime.cs = ICreationTime.cs
		IEntity.cs = IEntity.cs
	EndProjectSection
EndProject
Project("{FAE04EC0-301F-11D3-BF4B-00C04F79EFBC}") = "WebAppli", "WebAppli\WebAppli.csproj", "{61332627-F417-4C1E-A560-EE62C92BDF12}"
EndProject
Global
	GlobalSection(SolutionConfigurationPlatforms) = preSolution
		Debug|Any CPU = Debug|Any CPU
		Release|Any CPU = Release|Any CPU
	EndGlobalSection
	GlobalSection(ProjectConfigurationPlatforms) = postSolution
		{B3CEB40C-4459-46E8-85EE-0304666D7633}.Debug|Any CPU.ActiveCfg = Debug|Any CPU
		{B3CEB40C-4459-46E8-85EE-0304666D7633}.Debug|Any CPU.Build.0 = Debug|Any CPU
		{B3CEB40C-4459-46E8-85EE-0304666D7633}.Release|Any CPU.ActiveCfg = Release|Any CPU
		{B3CEB40C-4459-46E8-85EE-0304666D7633}.Release|Any CPU.Build.0 = Release|Any CPU
		{EE73AC3E-DC4D-459E-BD35-3864591A7188}.Debug|Any CPU.ActiveCfg = Debug|Any CPU
		{EE73AC3E-DC4D-459E-BD35-3864591A7188}.Debug|Any CPU.Build.0 = Debug|Any CPU
		{EE73AC3E-DC4D-459E-BD35-3864591A7188}.Release|Any CPU.ActiveCfg = Release|Any CPU
		{EE73AC3E-DC4D-459E-BD35-3864591A7188}.Release|Any CPU.Build.0 = Release|Any CPU
		{3DE2ADE6-3340-412A-BDF7-6E75F9AF918E}.Debug|Any CPU.ActiveCfg = Debug|Any CPU
		{3DE2ADE6-3340-412A-BDF7-6E75F9AF918E}.Debug|Any CPU.Build.0 = Debug|Any CPU
		{3DE2ADE6-3340-412A-BDF7-6E75F9AF918E}.Release|Any CPU.ActiveCfg = Release|Any CPU
		{3DE2ADE6-3340-412A-BDF7-6E75F9AF918E}.Release|Any CPU.Build.0 = Release|Any CPU
		{35DC38D9-4F5A-44DD-B302-561452F34731}.Debug|Any CPU.ActiveCfg = Debug|Any CPU
		{35DC38D9-4F5A-44DD-B302-561452F34731}.Debug|Any CPU.Build.0 = Debug|Any CPU
		{35DC38D9-4F5A-44DD-B302-561452F34731}.Release|Any CPU.ActiveCfg = Release|Any CPU
		{35DC38D9-4F5A-44DD-B302-561452F34731}.Release|Any CPU.Build.0 = Release|Any CPU
		{61332627-F417-4C1E-A560-EE62C92BDF12}.Debug|Any CPU.ActiveCfg = Debug|Any CPU
		{61332627-F417-4C1E-A560-EE62C92BDF12}.Debug|Any CPU.Build.0 = Debug|Any CPU
		{61332627-F417-4C1E-A560-EE62C92BDF12}.Release|Any CPU.ActiveCfg = Release|Any CPU
		{61332627-F417-4C1E-A560-EE62C92BDF12}.Release|Any CPU.Build.0 = Release|Any CPU
	EndGlobalSection
	GlobalSection(SolutionProperties) = preSolution
		HideSolutionNode = FALSE
	EndGlobalSection
	GlobalSection(ExtensibilityGlobals) = postSolution
		SolutionGuid = {3E57C59D-4F39-4A88-92F7-420E1B671D0E}
	EndGlobalSection
EndGlobal
